// !$*UTF8*$!
{
	archiveVersion = 1;
	classes = {
	};
	objectVersion = 46;
	objects = {

/* Begin PBXBuildFile section */
		88F9BCBC1A46C5CA00B5D321 /* main.m in Sources */ = {isa = PBXBuildFile; fileRef = 88F9BCBB1A46C5CA00B5D321 /* main.m */; };
		88F9BCBF1A46C5CA00B5D321 /* AppDelegate.m in Sources */ = {isa = PBXBuildFile; fileRef = 88F9BCBE1A46C5CA00B5D321 /* AppDelegate.m */; };
		88F9BCC21A46C5CA00B5D321 /* ViewController.m in Sources */ = {isa = PBXBuildFile; fileRef = 88F9BCC11A46C5CA00B5D321 /* ViewController.m */; };
		88F9BCC51A46C5CA00B5D321 /* Main.storyboard in Resources */ = {isa = PBXBuildFile; fileRef = 88F9BCC31A46C5CA00B5D321 /* Main.storyboard */; };
		88F9BCC71A46C5CA00B5D321 /* Images.xcassets in Resources */ = {isa = PBXBuildFile; fileRef = 88F9BCC61A46C5CA00B5D321 /* Images.xcassets */; };
		88F9BCCA1A46C5CA00B5D321 /* LaunchScreen.xib in Resources */ = {isa = PBXBuildFile; fileRef = 88F9BCC81A46C5CA00B5D321 /* LaunchScreen.xib */; };
		88F9BCD61A46C5CA00B5D321 /* BlogReaderTests.m in Sources */ = {isa = PBXBuildFile; fileRef = 88F9BCD51A46C5CA00B5D321 /* BlogReaderTests.m */; };
/* End PBXBuildFile section */

/* Begin PBXContainerItemProxy section */
		88F9BCD01A46C5CA00B5D321 /* PBXContainerItemProxy */ = {
			isa = PBXContainerItemProxy;
			containerPortal = 88F9BCAE1A46C5CA00B5D321 /* Project object */;
			proxyType = 1;
			remoteGlobalIDString = 88F9BCB51A46C5CA00B5D321;
			remoteInfo = BlogReader;
		};
/* End PBXContainerItemProxy section */

/* Begin PBXFileReference section */
		88F9BCB61A46C5CA00B5D321 /* BlogReader.app */ = {isa = PBXFileReference; explicitFileType = wrapper.application; includeInIndex = 0; path = BlogReader.app; sourceTree = BUILT_PRODUCTS_DIR; };
		88F9BCBA1A46C5CA00B5D321 /* Info.plist */ = {isa = PBXFileReference; lastKnownFileType = text.plist.xml; path = Info.plist; sourceTree = "<group>"; };
		88F9BCBB1A46C5CA00B5D321 /* main.m */ = {isa = PBXFileReference; lastKnownFileType = sourcecode.c.objc; path = main.m; sourceTree = "<group>"; };
		88F9BCBD1A46C5CA00B5D321 /* AppDelegate.h */ = {isa = PBXFileReference; lastKnownFileType = sourcecode.c.h; path = AppDelegate.h; sourceTree = "<group>"; };
		88F9BCBE1A46C5CA00B5D321 /* AppDelegate.m */ = {isa = PBXFileReference; lastKnownFileType = sourcecode.c.objc; path = AppDelegate.m; sourceTree = "<group>"; };
		88F9BCC01A46C5CA00B5D321 /* ViewController.h */ = {isa = PBXFileReference; lastKnownFileType = sourcecode.c.h; path = ViewController.h; sourceTree = "<group>"; };
		88F9BCC11A46C5CA00B5D321 /* ViewController.m */ = {isa = PBXFileReference; lastKnownFileType = sourcecode.c.objc; path = ViewController.m; sourceTree = "<group>"; };
		88F9BCC41A46C5CA00B5D321 /* Base */ = {isa = PBXFileReference; lastKnownFileType = file.storyboard; name = Base; path = Base.lproj/Main.storyboard; sourceTree = "<group>"; };
		88F9BCC61A46C5CA00B5D321 /* Images.xcassets */ = {isa = PBXFileReference; lastKnownFileType = folder.assetcatalog; path = Images.xcassets; sourceTree = "<group>"; };
		88F9BCC91A46C5CA00B5D321 /* Base */ = {isa = PBXFileReference; lastKnownFileType = file.xib; name = Base; path = Base.lproj/LaunchScreen.xib; sourceTree = "<group>"; };
		88F9BCCF1A46C5CA00B5D321 /* BlogReaderTests.xctest */ = {isa = PBXFileReference; explicitFileType = wrapper.cfbundle; includeInIndex = 0; path = BlogReaderTests.xctest; sourceTree = BUILT_PRODUCTS_DIR; };
		88F9BCD41A46C5CA00B5D321 /* Info.plist */ = {isa = PBXFileReference; lastKnownFileType = text.plist.xml; path = Info.plist; sourceTree = "<group>"; };
		88F9BCD51A46C5CA00B5D321 /* BlogReaderTests.m */ = {isa = PBXFileReference; lastKnownFileType = sourcecode.c.objc; path = BlogReaderTests.m; sourceTree = "<group>"; };
/* End PBXFileReference section */

/* Begin PBXFrameworksBuildPhase section */
		88F9BCB31A46C5CA00B5D321 /* Frameworks */ = {
			isa = PBXFrameworksBuildPhase;
			buildActionMask = 2147483647;
			files = (
			);
			runOnlyForDeploymentPostprocessing = 0;
		};
		88F9BCCC1A46C5CA00B5D321 /* Frameworks */ = {
			isa = PBXFrameworksBuildPhase;
			buildActionMask = 2147483647;
			files = (
			);
			runOnlyForDeploymentPostprocessing = 0;
		};
/* End PBXFrameworksBuildPhase section */

/* Begin PBXGroup section */
		88F9BCAD1A46C5CA00B5D321 = {
			isa = PBXGroup;
			children = (
				88F9BCB81A46C5CA00B5D321 /* BlogReader */,
				88F9BCD21A46C5CA00B5D321 /* BlogReaderTests */,
				88F9BCB71A46C5CA00B5D321 /* Products */,
			);
			sourceTree = "<group>";
		};
		88F9BCB71A46C5CA00B5D321 /* Products */ = {
			isa = PBXGroup;
			children = (
				88F9BCB61A46C5CA00B5D321 /* BlogReader.app */,
				88F9BCCF1A46C5CA00B5D321 /* BlogReaderTests.xctest */,
			);
			name = Products;
			sourceTree = "<group>";
		};
		88F9BCB81A46C5CA00B5D321 /* BlogReader */ = {
			isa = PBXGroup;
			children = (
				88F9BCBD1A46C5CA00B5D321 /* AppDelegate.h */,
				88F9BCBE1A46C5CA00B5D321 /* AppDelegate.m */,
				88F9BCC01A46C5CA00B5D321 /* ViewController.h */,
				88F9BCC11A46C5CA00B5D321 /* ViewController.m */,
				88F9BCC31A46C5CA00B5D321 /* Main.storyboard */,
				88F9BCC61A46C5CA00B5D321 /* Images.xcassets */,
				88F9BCC81A46C5CA00B5D321 /* LaunchScreen.xib */,
				88F9BCB91A46C5CA00B5D321 /* Supporting Files */,
			);
			path = BlogReader;
			sourceTree = "<group>";
		};
		88F9BCB91A46C5CA00B5D321 /* Supporting Files */ = {
			isa = PBXGroup;
			children = (
				88F9BCBA1A46C5CA00B5D321 /* Info.plist */,
				88F9BCBB1A46C5CA00B5D321 /* main.m */,
			);
			name = "Supporting Files";
			sourceTree = "<group>";
		};
		88F9BCD21A46C5CA00B5D321 /* BlogReaderTests */ = {
			isa = PBXGroup;
			children = (
				88F9BCD51A46C5CA00B5D321 /* BlogReaderTests.m */,
				88F9BCD31A46C5CA00B5D321 /* Supporting Files */,
			);
			path = BlogReaderTests;
			sourceTree = "<group>";
		};
		88F9BCD31A46C5CA00B5D321 /* Supporting Files */ = {
			isa = PBXGroup;
			children = (
				88F9BCD41A46C5CA00B5D321 /* Info.plist */,
			);
			name = "Supporting Files";
			sourceTree = "<group>";
		};
/* End PBXGroup section */

/* Begin PBXNativeTarget section */
		88F9BCB51A46C5CA00B5D321 /* BlogReader */ = {
			isa = PBXNativeTarget;
			buildConfigurationList = 88F9BCD91A46C5CA00B5D321 /* Build configuration list for PBXNativeTarget "BlogReader" */;
			buildPhases = (
				88F9BCB21A46C5CA00B5D321 /* Sources */,
				88F9BCB31A46C5CA00B5D321 /* Frameworks */,
				88F9BCB41A46C5CA00B5D321 /* Resources */,
			);
			buildRules = (
			);
			dependencies = (
			);
			name = BlogReader;
			productName = BlogReader;
			productReference = 88F9BCB61A46C5CA00B5D321 /* BlogReader.app */;
			productType = "com.apple.product-type.application";
		};
		88F9BCCE1A46C5CA00B5D321 /* BlogReaderTests */ = {
			isa = PBXNativeTarget;
			buildConfigurationList = 88F9BCDC1A46C5CA00B5D321 /* Build configuration list for PBXNativeTarget "BlogReaderTests" */;
			buildPhases = (
				88F9BCCB1A46C5CA00B5D321 /* Sources */,
				88F9BCCC1A46C5CA00B5D321 /* Frameworks */,
				88F9BCCD1A46C5CA00B5D321 /* Resources */,
			);
			buildRules = (
			);
			dependencies = (
				88F9BCD11A46C5CA00B5D321 /* PBXTargetDependency */,
			);
			name = BlogReaderTests;
			productName = BlogReaderTests;
			productReference = 88F9BCCF1A46C5CA00B5D321 /* BlogReaderTests.xctest */;
			productType = "com.apple.product-type.bundle.unit-test";
		};
/* End PBXNativeTarget section */

/* Begin PBXProject section */
		88F9BCAE1A46C5CA00B5D321 /* Project object */ = {
			isa = PBXProject;
			attributes = {
				LastUpgradeCheck = 0610;
				ORGANIZATIONNAME = "Renato Camilio";
				TargetAttributes = {
					88F9BCB51A46C5CA00B5D321 = {
						CreatedOnToolsVersion = 6.1.1;
					};
					88F9BCCE1A46C5CA00B5D321 = {
						CreatedOnToolsVersion = 6.1.1;
						TestTargetID = 88F9BCB51A46C5CA00B5D321;
					};
				};
			};
			buildConfigurationList = 88F9BCB11A46C5CA00B5D321 /* Build configuration list for PBXProject "BlogReader" */;
			compatibilityVersion = "Xcode 3.2";
			developmentRegion = English;
			hasScannedForEncodings = 0;
			knownRegions = (
				en,
				Base,
			);
			mainGroup = 88F9BCAD1A46C5CA00B5D321;
			productRefGroup = 88F9BCB71A46C5CA00B5D321 /* Products */;
			projectDirPath = "";
			projectRoot = "";
			targets = (
				88F9BCB51A46C5CA00B5D321 /* BlogReader */,
				88F9BCCE1A46C5CA00B5D321 /* BlogReaderTests */,
			);
		};
/* End PBXProject section */

/* Begin PBXResourcesBuildPhase section */
		88F9BCB41A46C5CA00B5D321 /* Resources */ = {
			isa = PBXResourcesBuildPhase;
			buildActionMask = 2147483647;
			files = (
				88F9BCC51A46C5CA00B5D321 /* Main.storyboard in Resources */,
				88F9BCCA1A46C5CA00B5D321 /* LaunchScreen.xib in Resources */,
				88F9BCC71A46C5CA00B5D321 /* Images.xcassets in Resources */,
			);
			runOnlyForDeploymentPostprocessing = 0;
		};
		88F9BCCD1A46C5CA00B5D321 /* Resources */ = {
			isa = PBXResourcesBuildPhase;
			buildActionMask = 2147483647;
			files = (
			);
			runOnlyForDeploymentPostprocessing = 0;
		};
/* End PBXResourcesBuildPhase section */

/* Begin PBXSourcesBuildPhase section */
		88F9BCB21A46C5CA00B5D321 /* Sources */ = {
			isa = PBXSourcesBuildPhase;
			buildActionMask = 2147483647;
			files = (
				88F9BCC21A46C5CA00B5D321 /* ViewController.m in Sources */,
				88F9BCBF1A46C5CA00B5D321 /* AppDelegate.m in Sources */,
				88F9BCBC1A46C5CA00B5D321 /* main.m in Sources */,
			);
			runOnlyForDeploymentPostprocessing = 0;
		};
		88F9BCCB1A46C5CA00B5D321 /* Sources */ = {
			isa = PBXSourcesBuildPhase;
			buildActionMask = 2147483647;
			files = (
				88F9BCD61A46C5CA00B5D321 /* BlogReaderTests.m in Sources */,
			);
			runOnlyForDeploymentPostprocessing = 0;
		};
/* End PBXSourcesBuildPhase section */

/* Begin PBXTargetDependency section */
		88F9BCD11A46C5CA00B5D321 /* PBXTargetDependency */ = {
			isa = PBXTargetDependency;
			target = 88F9BCB51A46C5CA00B5D321 /* BlogReader */;
			targetProxy = 88F9BCD01A46C5CA00B5D321 /* PBXContainerItemProxy */;
		};
/* End PBXTargetDependency section */

/* Begin PBXVariantGroup section */
		88F9BCC31A46C5CA00B5D321 /* Main.storyboard */ = {
			isa = PBXVariantGroup;
			children = (
				88F9BCC41A46C5CA00B5D321 /* Base */,
			);
			name = Main.storyboard;
			sourceTree = "<group>";
		};
		88F9BCC81A46C5CA00B5D321 /* LaunchScreen.xib */ = {
			isa = PBXVariantGroup;
			children = (
				88F9BCC91A46C5CA00B5D321 /* Base */,
			);
			name = LaunchScreen.xib;
			sourceTree = "<group>";
		};
/* End PBXVariantGroup section */

/* Begin XCBuildConfiguration section */
		88F9BCD71A46C5CA00B5D321 /* Debug */ = {
			isa = XCBuildConfiguration;
			buildSettings = {
				ALWAYS_SEARCH_USER_PATHS = NO;
				CLANG_CXX_LANGUAGE_STANDARD = "gnu++0x";
				CLANG_CXX_LIBRARY = "libc++";
				CLANG_ENABLE_MODULES = YES;
				CLANG_ENABLE_OBJC_ARC = YES;
				CLANG_WARN_BOOL_CONVERSION = YES;
				CLANG_WARN_CONSTANT_CONVERSION = YES;
				CLANG_WARN_DIRECT_OBJC_ISA_USAGE = YES_ERROR;
				CLANG_WARN_EMPTY_BODY = YES;
				CLANG_WARN_ENUM_CONVERSION = YES;
				CLANG_WARN_INT_CONVERSION = YES;
				CLANG_WARN_OBJC_ROOT_CLASS = YES_ERROR;
				CLANG_WARN_UNREACHABLE_CODE = YES;
				CLANG_WARN__DUPLICATE_METHOD_MATCH = YES;
				"CODE_SIGN_IDENTITY[sdk=iphoneos*]" = "iPhone Developer";
				COPY_PHASE_STRIP = NO;
				ENABLE_STRICT_OBJC_MSGSEND = YES;
				GCC_C_LANGUAGE_STANDARD = gnu99;
				GCC_DYNAMIC_NO_PIC = NO;
				GCC_OPTIMIZATION_LEVEL = 0;
				GCC_PREPROCESSOR_DEFINITIONS = (
					"DEBUG=1",
					"$(inherited)",
				);
				GCC_SYMBOLS_PRIVATE_EXTERN = NO;
				GCC_WARN_64_TO_32_BIT_CONVERSION = YES;
				GCC_WARN_ABOUT_RETURN_TYPE = YES_ERROR;
				GCC_WARN_UNDECLARED_SELECTOR = YES;
				GCC_WARN_UNINITIALIZED_AUTOS = YES_AGGRESSIVE;
				GCC_WARN_UNUSED_FUNCTION = YES;
				GCC_WARN_UNUSED_VARIABLE = YES;
				IPHONEOS_DEPLOYMENT_TARGET = 8.1;
				MTL_ENABLE_DEBUG_INFO = YES;
				ONLY_ACTIVE_ARCH = YES;
				SDKROOT = iphoneos;
			};
			name = Debug;
		};
		88F9BCD81A46C5CA00B5D321 /* Release */ = {
			isa = XCBuildConfiguration;
			buildSettings = {
				ALWAYS_SEARCH_USER_PATHS = NO;
				CLANG_CXX_LANGUAGE_STANDARD = "gnu++0x";
				CLANG_CXX_LIBRARY = "libc++";
				CLANG_ENABLE_MODULES = YES;
				CLANG_ENABLE_OBJC_ARC = YES;
				CLANG_WARN_BOOL_CONVERSION = YES;
				CLANG_WARN_CONSTANT_CONVERSION = YES;
				CLANG_WARN_DIRECT_OBJC_ISA_USAGE = YES_ERROR;
				CLANG_WARN_EMPTY_BODY = YES;
				CLANG_WARN_ENUM_CONVERSION = YES;
				CLANG_WARN_INT_CONVERSION = YES;
				CLANG_WARN_OBJC_ROOT_CLASS = YES_ERROR;
				CLANG_WARN_UNREACHABLE_CODE = YES;
				CLANG_WARN__DUPLICATE_METHOD_MATCH = YES;
				"CODE_SIGN_IDENTITY[sdk=iphoneos*]" = "iPhone Developer";
				COPY_PHASE_STRIP = YES;
				ENABLE_NS_ASSERTIONS = NO;
				ENABLE_STRICT_OBJC_MSGSEND = YES;
				GCC_C_LANGUAGE_STANDARD = gnu99;
				GCC_WARN_64_TO_32_BIT_CONVERSION = YES;
				GCC_WARN_ABOUT_RETURN_TYPE = YES_ERROR;
				GCC_WARN_UNDECLARED_SELECTOR = YES;
				GCC_WARN_UNINITIALIZED_AUTOS = YES_AGGRESSIVE;
				GCC_WARN_UNUSED_FUNCTION = YES;
				GCC_WARN_UNUSED_VARIABLE = YES;
				IPHONEOS_DEPLOYMENT_TARGET = 8.1;
				MTL_ENABLE_DEBUG_INFO = NO;
				SDKROOT = iphoneos;
				VALIDATE_PRODUCT = YES;
			};
			name = Release;
		};
		88F9BCDA1A46C5CA00B5D321 /* Debug */ = {
			isa = XCBuildConfiguration;
			buildSettings = {
				ASSETCATALOG_COMPILER_APPICON_NAME = AppIcon;
				INFOPLIST_FILE = BlogReader/Info.plist;
				LD_RUNPATH_SEARCH_PATHS = "$(inherited) @executable_path/Frameworks";
				PRODUCT_NAME = "$(TARGET_NAME)";
			};
			name = Debug;
		};
		88F9BCDB1A46C5CA00B5D321 /* Release */ = {
			isa = XCBuildConfiguration;
			buildSettings = {
				ASSETCATALOG_COMPILER_APPICON_NAME = AppIcon;
				INFOPLIST_FILE = BlogReader/Info.plist;
				LD_RUNPATH_SEARCH_PATHS = "$(inherited) @executable_path/Frameworks";
				PRODUCT_NAME = "$(TARGET_NAME)";
			};
			name = Release;
		};
		88F9BCDD1A46C5CA00B5D321 /* Debug */ = {
			isa = XCBuildConfiguration;
			buildSettings = {
				BUNDLE_LOADER = "$(TEST_HOST)";
				FRAMEWORK_SEARCH_PATHS = (
					"$(SDKROOT)/Developer/Library/Frameworks",
					"$(inherited)",
				);
				GCC_PREPROCESSOR_DEFINITIONS = (
					"DEBUG=1",
					"$(inherited)",
				);
				INFOPLIST_FILE = BlogReaderTests/Info.plist;
				LD_RUNPATH_SEARCH_PATHS = "$(inherited) @executable_path/Frameworks @loader_path/Frameworks";
				PRODUCT_NAME = "$(TARGET_NAME)";
				TEST_HOST = "$(BUILT_PRODUCTS_DIR)/BlogReader.app/BlogReader";
			};
			name = Debug;
		};
		88F9BCDE1A46C5CA00B5D321 /* Release */ = {
			isa = XCBuildConfiguration;
			buildSettings = {
				BUNDLE_LOADER = "$(TEST_HOST)";
				FRAMEWORK_SEARCH_PATHS = (
					"$(SDKROOT)/Developer/Library/Frameworks",
					"$(inherited)",
				);
				INFOPLIST_FILE = BlogReaderTests/Info.plist;
				LD_RUNPATH_SEARCH_PATHS = "$(inherited) @executable_path/Frameworks @loader_path/Frameworks";
				PRODUCT_NAME = "$(TARGET_NAME)";
				TEST_HOST = "$(BUILT_PRODUCTS_DIR)/BlogReader.app/BlogReader";
			};
			name = Release;
		};
/* End XCBuildConfiguration section */

/* Begin XCConfigurationList section */
		88F9BCB11A46C5CA00B5D321 /* Build configuration list for PBXProject "BlogReader" */ = {
			isa = XCConfigurationList;
			buildConfigurations = (
				88F9BCD71A46C5CA00B5D321 /* Debug */,
				88F9BCD81A46C5CA00B5D321 /* Release */,
			);
			defaultConfigurationIsVisible = 0;
			defaultConfigurationName = Release;
		};
		88F9BCD91A46C5CA00B5D321 /* Build configuration list for PBXNativeTarget "BlogReader" */ = {
			isa = XCConfigurationList;
			buildConfigurations = (
				88F9BCDA1A46C5CA00B5D321 /* Debug */,
				88F9BCDB1A46C5CA00B5D321 /* Release */,
			);
			defaultConfigurationIsVisible = 0;
		};
		88F9BCDC1A46C5CA00B5D321 /* Build configuration list for PBXNativeTarget "BlogReaderTests" */ = {
			isa = XCConfigurationList;
			buildConfigurations = (
				88F9BCDD1A46C5CA00B5D321 /* Debug */,
				88F9BCDE1A46C5CA00B5D321 /* Release */,
			);
			defaultConfigurationIsVisible = 0;
		};
/* End XCConfigurationList section */
	};
	rootObject = 88F9BCAE1A46C5CA00B5D321 /* Project object */;
}
