// !$*UTF8*$!
{
	archiveVersion = 1;
	classes = {
	};
	objectVersion = 46;
	objects = {

/* Begin PBXBuildFile section */
		44978FFEA8C65ABB4625F1B8 /* libPods.a in Frameworks */ = {isa = PBXBuildFile; fileRef = E669F8E47020EB326C69E69D /* libPods.a */; };
		884C998D1A4762F600F9E84C /* TableViewController.m in Sources */ = {isa = PBXBuildFile; fileRef = 884C998C1A4762F600F9E84C /* TableViewController.m */; };
		884C99901A47D2C200F9E84C /* BlogPost.m in Sources */ = {isa = PBXBuildFile; fileRef = 884C998F1A47D2C200F9E84C /* BlogPost.m */; };
		88A0E6F81A4BAE7E0067223B /* WebViewController.m in Sources */ = {isa = PBXBuildFile; fileRef = 88A0E6F71A4BAE7E0067223B /* WebViewController.m */; };
		88F9BCBC1A46C5CA00B5D321 /* main.m in Sources */ = {isa = PBXBuildFile; fileRef = 88F9BCBB1A46C5CA00B5D321 /* main.m */; };
		88F9BCBF1A46C5CA00B5D321 /* AppDelegate.m in Sources */ = {isa = PBXBuildFile; fileRef = 88F9BCBE1A46C5CA00B5D321 /* AppDelegate.m */; };
		88F9BCC71A46C5CA00B5D321 /* Images.xcassets in Resources */ = {isa = PBXBuildFile; fileRef = 88F9BCC61A46C5CA00B5D321 /* Images.xcassets */; };
		88F9BCD61A46C5CA00B5D321 /* BlogReaderTests.m in Sources */ = {isa = PBXBuildFile; fileRef = 88F9BCD51A46C5CA00B5D321 /* BlogReaderTests.m */; };
		88F9BCE01A46C69C00B5D321 /* MainStoryboard.storyboard in Resources */ = {isa = PBXBuildFile; fileRef = 88F9BCDF1A46C69C00B5D321 /* MainStoryboard.storyboard */; };
/* End PBXBuildFile section */

/* Begin PBXContainerItemProxy section */
		88F9BCD01A46C5CA00B5D321 /* PBXContainerItemProxy */ = {
			isa = PBXContainerItemProxy;
			containerPortal = 88F9BCAE1A46C5CA00B5D321 /* Project object */;
			proxyType = 1;
			remoteGlobalIDString = 88F9BCB51A46C5CA00B5D321;
			remoteInfo = BlogReader;
		};
/* End PBXContainerItemProxy section */

/* Begin PBXFileReference section */
		884C998B1A4762F600F9E84C /* TableViewController.h */ = {isa = PBXFileReference; fileEncoding = 4; lastKnownFileType = sourcecode.c.h; path = TableViewController.h; sourceTree = "<group>"; };
		884C998C1A4762F600F9E84C /* TableViewController.m */ = {isa = PBXFileReference; fileEncoding = 4; lastKnownFileType = sourcecode.c.objc; path = TableViewController.m; sourceTree = "<group>"; };
		884C998E1A47D2C200F9E84C /* BlogPost.h */ = {isa = PBXFileReference; fileEncoding = 4; lastKnownFileType = sourcecode.c.h; path = BlogPost.h; sourceTree = "<group>"; };
		884C998F1A47D2C200F9E84C /* BlogPost.m */ = {isa = PBXFileReference; fileEncoding = 4; lastKnownFileType = sourcecode.c.objc; path = BlogPost.m; sourceTree = "<group>"; };
		88A0E6F61A4BAE7E0067223B /* WebViewController.h */ = {isa = PBXFileReference; fileEncoding = 4; lastKnownFileType = sourcecode.c.h; path = WebViewController.h; sourceTree = "<group>"; };
		88A0E6F71A4BAE7E0067223B /* WebViewController.m */ = {isa = PBXFileReference; fileEncoding = 4; lastKnownFileType = sourcecode.c.objc; path = WebViewController.m; sourceTree = "<group>"; };
		88F9BCB61A46C5CA00B5D321 /* BlogReader.app */ = {isa = PBXFileReference; explicitFileType = wrapper.application; includeInIndex = 0; path = BlogReader.app; sourceTree = BUILT_PRODUCTS_DIR; };
		88F9BCBA1A46C5CA00B5D321 /* Info.plist */ = {isa = PBXFileReference; lastKnownFileType = text.plist.xml; path = Info.plist; sourceTree = "<group>"; };
		88F9BCBB1A46C5CA00B5D321 /* main.m */ = {isa = PBXFileReference; lastKnownFileType = sourcecode.c.objc; path = main.m; sourceTree = "<group>"; };
		88F9BCBD1A46C5CA00B5D321 /* AppDelegate.h */ = {isa = PBXFileReference; lastKnownFileType = sourcecode.c.h; path = AppDelegate.h; sourceTree = "<group>"; };
		88F9BCBE1A46C5CA00B5D321 /* AppDelegate.m */ = {isa = PBXFileReference; lastKnownFileType = sourcecode.c.objc; path = AppDelegate.m; sourceTree = "<group>"; };
		88F9BCC61A46C5CA00B5D321 /* Images.xcassets */ = {isa = PBXFileReference; lastKnownFileType = folder.assetcatalog; path = Images.xcassets; sourceTree = "<group>"; };
		88F9BCCF1A46C5CA00B5D321 /* BlogReaderTests.xctest */ = {isa = PBXFileReference; explicitFileType = wrapper.cfbundle; includeInIndex = 0; path = BlogReaderTests.xctest; sourceTree = BUILT_PRODUCTS_DIR; };
		88F9BCD41A46C5CA00B5D321 /* Info.plist */ = {isa = PBXFileReference; lastKnownFileType = text.plist.xml; path = Info.plist; sourceTree = "<group>"; };
		88F9BCD51A46C5CA00B5D321 /* BlogReaderTests.m */ = {isa = PBXFileReference; lastKnownFileType = sourcecode.c.objc; path = BlogReaderTests.m; sourceTree = "<group>"; };
		88F9BCDF1A46C69C00B5D321 /* MainStoryboard.storyboard */ = {isa = PBXFileReference; fileEncoding = 4; lastKnownFileType = file.storyboard; path = MainStoryboard.storyboard; sourceTree = "<group>"; };
		9A3651F6E6BCE43115536493 /* Pods.debug.xcconfig */ = {isa = PBXFileReference; includeInIndex = 1; lastKnownFileType = text.xcconfig; name = Pods.debug.xcconfig; path = "Pods/Target Support Files/Pods/Pods.debug.xcconfig"; sourceTree = "<group>"; };
		D198B020FFF242958F07CFE2 /* Pods.release.xcconfig */ = {isa = PBXFileReference; includeInIndex = 1; lastKnownFileType = text.xcconfig; name = Pods.release.xcconfig; path = "Pods/Target Support Files/Pods/Pods.release.xcconfig"; sourceTree = "<group>"; };
		E669F8E47020EB326C69E69D /* libPods.a */ = {isa = PBXFileReference; explicitFileType = archive.ar; includeInIndex = 0; path = libPods.a; sourceTree = BUILT_PRODUCTS_DIR; };
/* End PBXFileReference section */

/* Begin PBXFrameworksBuildPhase section */
		88F9BCB31A46C5CA00B5D321 /* Frameworks */ = {
			isa = PBXFrameworksBuildPhase;
			buildActionMask = 2147483647;
			files = (
				44978FFEA8C65ABB4625F1B8 /* libPods.a in Frameworks */,
			);
			runOnlyForDeploymentPostprocessing = 0;
		};
		88F9BCCC1A46C5CA00B5D321 /* Frameworks */ = {
			isa = PBXFrameworksBuildPhase;
			buildActionMask = 2147483647;
			files = (
			);
			runOnlyForDeploymentPostprocessing = 0;
		};
/* End PBXFrameworksBuildPhase section */

/* Begin PBXGroup section */
		88F9BCAD1A46C5CA00B5D321 = {
			isa = PBXGroup;
			children = (
				88F9BCB81A46C5CA00B5D321 /* BlogReader */,
				88F9BCD21A46C5CA00B5D321 /* BlogReaderTests */,
				88F9BCB71A46C5CA00B5D321 /* Products */,
				D9849062CB92E332ED8997BA /* Pods */,
				F8DE039E537884C678E302B0 /* Frameworks */,
			);
			sourceTree = "<group>";
		};
		88F9BCB71A46C5CA00B5D321 /* Products */ = {
			isa = PBXGroup;
			children = (
				88F9BCB61A46C5CA00B5D321 /* BlogReader.app */,
				88F9BCCF1A46C5CA00B5D321 /* BlogReaderTests.xctest */,
			);
			name = Products;
			sourceTree = "<group>";
		};
		88F9BCB81A46C5CA00B5D321 /* BlogReader */ = {
			isa = PBXGroup;
			children = (
				88F9BCBD1A46C5CA00B5D321 /* AppDelegate.h */,
				88F9BCBE1A46C5CA00B5D321 /* AppDelegate.m */,
				884C998B1A4762F600F9E84C /* TableViewController.h */,
				884C998C1A4762F600F9E84C /* TableViewController.m */,
				88A0E6F61A4BAE7E0067223B /* WebViewController.h */,
				88A0E6F71A4BAE7E0067223B /* WebViewController.m */,
				88F9BCDF1A46C69C00B5D321 /* MainStoryboard.storyboard */,
				88F9BCC61A46C5CA00B5D321 /* Images.xcassets */,
				88F9BCB91A46C5CA00B5D321 /* Supporting Files */,
				884C998E1A47D2C200F9E84C /* BlogPost.h */,
				884C998F1A47D2C200F9E84C /* BlogPost.m */,
			);
			path = BlogReader;
			sourceTree = "<group>";
		};
		88F9BCB91A46C5CA00B5D321 /* Supporting Files */ = {
			isa = PBXGroup;
			children = (
				88F9BCBA1A46C5CA00B5D321 /* Info.plist */,
				88F9BCBB1A46C5CA00B5D321 /* main.m */,
			);
			name = "Supporting Files";
			sourceTree = "<group>";
		};
		88F9BCD21A46C5CA00B5D321 /* BlogReaderTests */ = {
			isa = PBXGroup;
			children = (
				88F9BCD51A46C5CA00B5D321 /* BlogReaderTests.m */,
				88F9BCD31A46C5CA00B5D321 /* Supporting Files */,
			);
			path = BlogReaderTests;
			sourceTree = "<group>";
		};
		88F9BCD31A46C5CA00B5D321 /* Supporting Files */ = {
			isa = PBXGroup;
			children = (
				88F9BCD41A46C5CA00B5D321 /* Info.plist */,
			);
			name = "Supporting Files";
			sourceTree = "<group>";
		};
		D9849062CB92E332ED8997BA /* Pods */ = {
			isa = PBXGroup;
			children = (
				9A3651F6E6BCE43115536493 /* Pods.debug.xcconfig */,
				D198B020FFF242958F07CFE2 /* Pods.release.xcconfig */,
			);
			name = Pods;
			sourceTree = "<group>";
		};
		F8DE039E537884C678E302B0 /* Frameworks */ = {
			isa = PBXGroup;
			children = (
				E669F8E47020EB326C69E69D /* libPods.a */,
			);
			name = Frameworks;
			sourceTree = "<group>";
		};
/* End PBXGroup section */

/* Begin PBXNativeTarget section */
		88F9BCB51A46C5CA00B5D321 /* BlogReader */ = {
			isa = PBXNativeTarget;
			buildConfigurationList = 88F9BCD91A46C5CA00B5D321 /* Build configuration list for PBXNativeTarget "BlogReader" */;
			buildPhases = (
				1CA678D99B2FCE0AD9161325 /* Check Pods Manifest.lock */,
				88F9BCB21A46C5CA00B5D321 /* Sources */,
				88F9BCB31A46C5CA00B5D321 /* Frameworks */,
				88F9BCB41A46C5CA00B5D321 /* Resources */,
				2967B64BF84F0FCD4AE72A16 /* Copy Pods Resources */,
			);
			buildRules = (
			);
			dependencies = (
			);
			name = BlogReader;
			productName = BlogReader;
			productReference = 88F9BCB61A46C5CA00B5D321 /* BlogReader.app */;
			productType = "com.apple.product-type.application";
		};
		88F9BCCE1A46C5CA00B5D321 /* BlogReaderTests */ = {
			isa = PBXNativeTarget;
			buildConfigurationList = 88F9BCDC1A46C5CA00B5D321 /* Build configuration list for PBXNativeTarget "BlogReaderTests" */;
			buildPhases = (
				88F9BCCB1A46C5CA00B5D321 /* Sources */,
				88F9BCCC1A46C5CA00B5D321 /* Frameworks */,
				88F9BCCD1A46C5CA00B5D321 /* Resources */,
			);
			buildRules = (
			);
			dependencies = (
				88F9BCD11A46C5CA00B5D321 /* PBXTargetDependency */,
			);
			name = BlogReaderTests;
			productName = BlogReaderTests;
			productReference = 88F9BCCF1A46C5CA00B5D321 /* BlogReaderTests.xctest */;
			productType = "com.apple.product-type.bundle.unit-test";
		};
/* End PBXNativeTarget section */

/* Begin PBXProject section */
		88F9BCAE1A46C5CA00B5D321 /* Project object */ = {
			isa = PBXProject;
			attributes = {
				LastUpgradeCheck = 0610;
				ORGANIZATIONNAME = "Renato Camilio";
				TargetAttributes = {
					88F9BCB51A46C5CA00B5D321 = {
						CreatedOnToolsVersion = 6.1.1;
						DevelopmentTeam = EK4C4R4CVX;
					};
					88F9BCCE1A46C5CA00B5D321 = {
						CreatedOnToolsVersion = 6.1.1;
						DevelopmentTeam = EK4C4R4CVX;
						TestTargetID = 88F9BCB51A46C5CA00B5D321;
					};
				};
			};
			buildConfigurationList = 88F9BCB11A46C5CA00B5D321 /* Build configuration list for PBXProject "BlogReader" */;
			compatibilityVersion = "Xcode 3.2";
			developmentRegion = English;
			hasScannedForEncodings = 0;
			knownRegions = (
				en,
				Base,
			);
			mainGroup = 88F9BCAD1A46C5CA00B5D321;
			productRefGroup = 88F9BCB71A46C5CA00B5D321 /* Products */;
			projectDirPath = "";
			projectRoot = "";
			targets = (
				88F9BCB51A46C5CA00B5D321 /* BlogReader */,
				88F9BCCE1A46C5CA00B5D321 /* BlogReaderTests */,
			);
		};
/* End PBXProject section */

/* Begin PBXResourcesBuildPhase section */
		88F9BCB41A46C5CA00B5D321 /* Resources */ = {
			isa = PBXResourcesBuildPhase;
			buildActionMask = 2147483647;
			files = (
				88F9BCE01A46C69C00B5D321 /* MainStoryboard.storyboard in Resources */,
				88F9BCC71A46C5CA00B5D321 /* Images.xcassets in Resources */,
			);
			runOnlyForDeploymentPostprocessing = 0;
		};
		88F9BCCD1A46C5CA00B5D321 /* Resources */ = {
			isa = PBXResourcesBuildPhase;
			buildActionMask = 2147483647;
			files = (
			);
			runOnlyForDeploymentPostprocessing = 0;
		};
/* End PBXResourcesBuildPhase section */

/* Begin PBXShellScriptBuildPhase section */
		1CA678D99B2FCE0AD9161325 /* Check Pods Manifest.lock */ = {
			isa = PBXShellScriptBuildPhase;
			buildActionMask = 2147483647;
			files = (
			);
			inputPaths = (
			);
			name = "Check Pods Manifest.lock";
			outputPaths = (
			);
			runOnlyForDeploymentPostprocessing = 0;
			shellPath = /bin/sh;
			shellScript = "diff \"${PODS_ROOT}/../Podfile.lock\" \"${PODS_ROOT}/Manifest.lock\" > /dev/null\nif [[ $? != 0 ]] ; then\n    cat << EOM\nerror: The sandbox is not in sync with the Podfile.lock. Run 'pod install' or update your CocoaPods installation.\nEOM\n    exit 1\nfi\n";
			showEnvVarsInLog = 0;
		};
		2967B64BF84F0FCD4AE72A16 /* Copy Pods Resources */ = {
			isa = PBXShellScriptBuildPhase;
			buildActionMask = 2147483647;
			files = (
			);
			inputPaths = (
			);
			name = "Copy Pods Resources";
			outputPaths = (
			);
			runOnlyForDeploymentPostprocessing = 0;
			shellPath = /bin/sh;
			shellScript = "\"${SRCROOT}/Pods/Target Support Files/Pods/Pods-resources.sh\"\n";
			showEnvVarsInLog = 0;
		};
/* End PBXShellScriptBuildPhase section */

/* Begin PBXSourcesBuildPhase section */
		88F9BCB21A46C5CA00B5D321 /* Sources */ = {
			isa = PBXSourcesBuildPhase;
			buildActionMask = 2147483647;
			files = (
				88F9BCBF1A46C5CA00B5D321 /* AppDelegate.m in Sources */,
				88A0E6F81A4BAE7E0067223B /* WebViewController.m in Sources */,
				884C998D1A4762F600F9E84C /* TableViewController.m in Sources */,
				88F9BCBC1A46C5CA00B5D321 /* main.m in Sources */,
				884C99901A47D2C200F9E84C /* BlogPost.m in Sources */,
			);
			runOnlyForDeploymentPostprocessing = 0;
		};
		88F9BCCB1A46C5CA00B5D321 /* Sources */ = {
			isa = PBXSourcesBuildPhase;
			buildActionMask = 2147483647;
			files = (
				88F9BCD61A46C5CA00B5D321 /* BlogReaderTests.m in Sources */,
			);
			runOnlyForDeploymentPostprocessing = 0;
		};
/* End PBXSourcesBuildPhase section */

/* Begin PBXTargetDependency section */
		88F9BCD11A46C5CA00B5D321 /* PBXTargetDependency */ = {
			isa = PBXTargetDependency;
			target = 88F9BCB51A46C5CA00B5D321 /* BlogReader */;
			targetProxy = 88F9BCD01A46C5CA00B5D321 /* PBXContainerItemProxy */;
		};
/* End PBXTargetDependency section */

/* Begin XCBuildConfiguration section */
		88F9BCD71A46C5CA00B5D321 /* Debug */ = {
			isa = XCBuildConfiguration;
			buildSettings = {
				ALWAYS_SEARCH_USER_PATHS = NO;
				CLANG_CXX_LANGUAGE_STANDARD = "gnu++0x";
				CLANG_CXX_LIBRARY = "libc++";
				CLANG_ENABLE_MODULES = YES;
				CLANG_ENABLE_OBJC_ARC = YES;
				CLANG_WARN_BOOL_CONVERSION = YES;
				CLANG_WARN_CONSTANT_CONVERSION = YES;
				CLANG_WARN_DIRECT_OBJC_ISA_USAGE = YES_ERROR;
				CLANG_WARN_EMPTY_BODY = YES;
				CLANG_WARN_ENUM_CONVERSION = YES;
				CLANG_WARN_INT_CONVERSION = YES;
				CLANG_WARN_OBJC_ROOT_CLASS = YES_ERROR;
				CLANG_WARN_UNREACHABLE_CODE = YES;
				CLANG_WARN__DUPLICATE_METHOD_MATCH = YES;
				"CODE_SIGN_IDENTITY[sdk=iphoneos*]" = "iPhone Developer";
				COPY_PHASE_STRIP = NO;
				ENABLE_STRICT_OBJC_MSGSEND = YES;
				GCC_C_LANGUAGE_STANDARD = gnu99;
				GCC_DYNAMIC_NO_PIC = NO;
				GCC_OPTIMIZATION_LEVEL = 0;
				GCC_PREPROCESSOR_DEFINITIONS = (
					"DEBUG=1",
					"$(inherited)",
				);
				GCC_SYMBOLS_PRIVATE_EXTERN = NO;
				GCC_WARN_64_TO_32_BIT_CONVERSION = YES;
				GCC_WARN_ABOUT_RETURN_TYPE = YES_ERROR;
				GCC_WARN_UNDECLARED_SELECTOR = YES;
				GCC_WARN_UNINITIALIZED_AUTOS = YES_AGGRESSIVE;
				GCC_WARN_UNUSED_FUNCTION = YES;
				GCC_WARN_UNUSED_VARIABLE = YES;
				IPHONEOS_DEPLOYMENT_TARGET = 8.2;
				MTL_ENABLE_DEBUG_INFO = YES;
				ONLY_ACTIVE_ARCH = YES;
				SDKROOT = iphoneos;
			};
			name = Debug;
		};
		88F9BCD81A46C5CA00B5D321 /* Release */ = {
			isa = XCBuildConfiguration;
			buildSettings = {
				ALWAYS_SEARCH_USER_PATHS = NO;
				CLANG_CXX_LANGUAGE_STANDARD = "gnu++0x";
				CLANG_CXX_LIBRARY = "libc++";
				CLANG_ENABLE_MODULES = YES;
				CLANG_ENABLE_OBJC_ARC = YES;
				CLANG_WARN_BOOL_CONVERSION = YES;
				CLANG_WARN_CONSTANT_CONVERSION = YES;
				CLANG_WARN_DIRECT_OBJC_ISA_USAGE = YES_ERROR;
				CLANG_WARN_EMPTY_BODY = YES;
				CLANG_WARN_ENUM_CONVERSION = YES;
				CLANG_WARN_INT_CONVERSION = YES;
				CLANG_WARN_OBJC_ROOT_CLASS = YES_ERROR;
				CLANG_WARN_UNREACHABLE_CODE = YES;
				CLANG_WARN__DUPLICATE_METHOD_MATCH = YES;
				"CODE_SIGN_IDENTITY[sdk=iphoneos*]" = "iPhone Developer";
				COPY_PHASE_STRIP = YES;
				ENABLE_NS_ASSERTIONS = NO;
				ENABLE_STRICT_OBJC_MSGSEND = YES;
				GCC_C_LANGUAGE_STANDARD = gnu99;
				GCC_WARN_64_TO_32_BIT_CONVERSION = YES;
				GCC_WARN_ABOUT_RETURN_TYPE = YES_ERROR;
				GCC_WARN_UNDECLARED_SELECTOR = YES;
				GCC_WARN_UNINITIALIZED_AUTOS = YES_AGGRESSIVE;
				GCC_WARN_UNUSED_FUNCTION = YES;
				GCC_WARN_UNUSED_VARIABLE = YES;
				IPHONEOS_DEPLOYMENT_TARGET = 8.2;
				MTL_ENABLE_DEBUG_INFO = NO;
				SDKROOT = iphoneos;
				VALIDATE_PRODUCT = YES;
			};
			name = Release;
		};
		88F9BCDA1A46C5CA00B5D321 /* Debug */ = {
			isa = XCBuildConfiguration;
			baseConfigurationReference = 9A3651F6E6BCE43115536493 /* Pods.debug.xcconfig */;
			buildSettings = {
				ASSETCATALOG_COMPILER_APPICON_NAME = AppIcon;
				INFOPLIST_FILE = BlogReader/Info.plist;
				LD_RUNPATH_SEARCH_PATHS = "$(inherited) @executable_path/Frameworks";
				PRODUCT_NAME = "$(TARGET_NAME)";
			};
			name = Debug;
		};
		88F9BCDB1A46C5CA00B5D321 /* Release */ = {
			isa = XCBuildConfiguration;
			baseConfigurationReference = D198B020FFF242958F07CFE2 /* Pods.release.xcconfig */;
			buildSettings = {
				ASSETCATALOG_COMPILER_APPICON_NAME = AppIcon;
				INFOPLIST_FILE = BlogReader/Info.plist;
				LD_RUNPATH_SEARCH_PATHS = "$(inherited) @executable_path/Frameworks";
				PRODUCT_NAME = "$(TARGET_NAME)";
			};
			name = Release;
		};
		88F9BCDD1A46C5CA00B5D321 /* Debug */ = {
			isa = XCBuildConfiguration;
			baseConfigurationReference = 9A3651F6E6BCE43115536493 /* Pods.debug.xcconfig */;
			buildSettings = {
				BUNDLE_LOADER = "$(TEST_HOST)";
				CODE_SIGN_IDENTITY = "iPhone Developer";
				"CODE_SIGN_IDENTITY[sdk=iphoneos*]" = "iPhone Developer";
				FRAMEWORK_SEARCH_PATHS = (
					"$(SDKROOT)/Developer/Library/Frameworks",
					"$(inherited)",
				);
				GCC_PREPROCESSOR_DEFINITIONS = (
					"DEBUG=1",
					"$(inherited)",
				);
				INFOPLIST_FILE = BlogReaderTests/Info.plist;
				LD_RUNPATH_SEARCH_PATHS = "$(inherited) @executable_path/Frameworks @loader_path/Frameworks";
				PRODUCT_NAME = "$(TARGET_NAME)";
				PROVISIONING_PROFILE = "";
				TEST_HOST = "$(BUILT_PRODUCTS_DIR)/BlogReader.app/BlogReader";
			};
			name = Debug;
		};
		88F9BCDE1A46C5CA00B5D321 /* Release */ = {
			isa = XCBuildConfiguration;
			baseConfigurationReference = D198B020FFF242958F07CFE2 /* Pods.release.xcconfig */;
			buildSettings = {
				BUNDLE_LOADER = "$(TEST_HOST)";
				CODE_SIGN_IDENTITY = "iPhone Developer";
				"CODE_SIGN_IDENTITY[sdk=iphoneos*]" = "iPhone Developer";
				FRAMEWORK_SEARCH_PATHS = (
					"$(SDKROOT)/Developer/Library/Frameworks",
					"$(inherited)",
				);
				INFOPLIST_FILE = BlogReaderTests/Info.plist;
				LD_RUNPATH_SEARCH_PATHS = "$(inherited) @executable_path/Frameworks @loader_path/Frameworks";
				PRODUCT_NAME = "$(TARGET_NAME)";
				PROVISIONING_PROFILE = "";
				TEST_HOST = "$(BUILT_PRODUCTS_DIR)/BlogReader.app/BlogReader";
			};
			name = Release;
		};
/* End XCBuildConfiguration section */

/* Begin XCConfigurationList section */
		88F9BCB11A46C5CA00B5D321 /* Build configuration list for PBXProject "BlogReader" */ = {
			isa = XCConfigurationList;
			buildConfigurations = (
				88F9BCD71A46C5CA00B5D321 /* Debug */,
				88F9BCD81A46C5CA00B5D321 /* Release */,
			);
			defaultConfigurationIsVisible = 0;
			defaultConfigurationName = Release;
		};
		88F9BCD91A46C5CA00B5D321 /* Build configuration list for PBXNativeTarget "BlogReader" */ = {
			isa = XCConfigurationList;
			buildConfigurations = (
				88F9BCDA1A46C5CA00B5D321 /* Debug */,
				88F9BCDB1A46C5CA00B5D321 /* Release */,
			);
			defaultConfigurationIsVisible = 0;
			defaultConfigurationName = Release;
		};
		88F9BCDC1A46C5CA00B5D321 /* Build configuration list for PBXNativeTarget "BlogReaderTests" */ = {
			isa = XCConfigurationList;
			buildConfigurations = (
				88F9BCDD1A46C5CA00B5D321 /* Debug */,
				88F9BCDE1A46C5CA00B5D321 /* Release */,
			);
			defaultConfigurationIsVisible = 0;
			defaultConfigurationName = Release;
		};
/* End XCConfigurationList section */
	};
	rootObject = 88F9BCAE1A46C5CA00B5D321 /* Project object */;
}
